
Microsoft Visual Studio Solution File, Format Version 12.00
# Visual Studio Version 16
VisualStudioVersion = 16.0.31019.35
MinimumVisualStudioVersion = 10.0.40219.1
Project("{FAE04EC0-301F-11D3-BF4B-00C04F79EFBC}") = "DERS3", "DERS3\DERS3.csproj", "{D7C2F3D8-733E-4A66-A518-0A9D77BDD739}"
EndProject
Global
	GlobalSection(SolutionConfigurationPlatforms) = preSolution
		Debug|Any CPU = Debug|Any CPU
		Release|Any CPU = Release|Any CPU
	EndGlobalSection
	GlobalSection(ProjectConfigurationPlatforms) = postSolution
		{D7C2F3D8-733E-4A66-A518-0A9D77BDD739}.Debug|Any CPU.ActiveCfg = Debug|Any CPU
		{D7C2F3D8-733E-4A66-A518-0A9D77BDD739}.Debug|Any CPU.Build.0 = Debug|Any CPU
		{D7C2F3D8-733E-4A66-A518-0A9D77BDD739}.Release|Any CPU.ActiveCfg = Release|Any CPU
		{D7C2F3D8-733E-4A66-A518-0A9D77BDD739}.Release|Any CPU.Build.0 = Release|Any CPU
	EndGlobalSection
	GlobalSection(SolutionProperties) = preSolution
		HideSolutionNode = FALSE
	EndGlobalSection
	GlobalSection(ExtensibilityGlobals) = postSolution
		SolutionGuid = {D8B98979-CD21-42D0-B337-79DD4F34D223}
	EndGlobalSection
EndGlobal
