
Microsoft Visual Studio Solution File, Format Version 12.00
# Visual Studio Version 16
VisualStudioVersion = 16.0.31019.35
MinimumVisualStudioVersion = 10.0.40219.1
Project("{FAE04EC0-301F-11D3-BF4B-00C04F79EFBC}") = "DERS39", "DERS39\DERS39.csproj", "{44DAF929-895C-4CB2-9AE5-0810DAA44838}"
EndProject
Global
	GlobalSection(SolutionConfigurationPlatforms) = preSolution
		Debug|Any CPU = Debug|Any CPU
		Release|Any CPU = Release|Any CPU
	EndGlobalSection
	GlobalSection(ProjectConfigurationPlatforms) = postSolution
		{44DAF929-895C-4CB2-9AE5-0810DAA44838}.Debug|Any CPU.ActiveCfg = Debug|Any CPU
		{44DAF929-895C-4CB2-9AE5-0810DAA44838}.Debug|Any CPU.Build.0 = Debug|Any CPU
		{44DAF929-895C-4CB2-9AE5-0810DAA44838}.Release|Any CPU.ActiveCfg = Release|Any CPU
		{44DAF929-895C-4CB2-9AE5-0810DAA44838}.Release|Any CPU.Build.0 = Release|Any CPU
	EndGlobalSection
	GlobalSection(SolutionProperties) = preSolution
		HideSolutionNode = FALSE
	EndGlobalSection
	GlobalSection(ExtensibilityGlobals) = postSolution
		SolutionGuid = {AB6A787A-1049-486B-9EC0-7B69707281E1}
	EndGlobalSection
EndGlobal
