
Microsoft Visual Studio Solution File, Format Version 12.00
# Visual Studio Version 16
VisualStudioVersion = 16.0.31019.35
MinimumVisualStudioVersion = 10.0.40219.1
Project("{FAE04EC0-301F-11D3-BF4B-00C04F79EFBC}") = "DERS51", "DERS51\DERS51.csproj", "{22B1950F-C5E8-4063-B5F7-C6C544D09F53}"
EndProject
Global
	GlobalSection(SolutionConfigurationPlatforms) = preSolution
		Debug|Any CPU = Debug|Any CPU
		Release|Any CPU = Release|Any CPU
	EndGlobalSection
	GlobalSection(ProjectConfigurationPlatforms) = postSolution
		{22B1950F-C5E8-4063-B5F7-C6C544D09F53}.Debug|Any CPU.ActiveCfg = Debug|Any CPU
		{22B1950F-C5E8-4063-B5F7-C6C544D09F53}.Debug|Any CPU.Build.0 = Debug|Any CPU
		{22B1950F-C5E8-4063-B5F7-C6C544D09F53}.Release|Any CPU.ActiveCfg = Release|Any CPU
		{22B1950F-C5E8-4063-B5F7-C6C544D09F53}.Release|Any CPU.Build.0 = Release|Any CPU
	EndGlobalSection
	GlobalSection(SolutionProperties) = preSolution
		HideSolutionNode = FALSE
	EndGlobalSection
	GlobalSection(ExtensibilityGlobals) = postSolution
		SolutionGuid = {01165CD5-2ACC-466D-9522-FEDACB4F5765}
	EndGlobalSection
EndGlobal
