
Microsoft Visual Studio Solution File, Format Version 12.00
# Visual Studio Version 16
VisualStudioVersion = 16.0.31019.35
MinimumVisualStudioVersion = 10.0.40219.1
Project("{FAE04EC0-301F-11D3-BF4B-00C04F79EFBC}") = "DERS5", "DERS5\DERS5.csproj", "{CAEA384A-0717-44EC-BA23-58C865DF7E85}"
EndProject
Global
	GlobalSection(SolutionConfigurationPlatforms) = preSolution
		Debug|Any CPU = Debug|Any CPU
		Release|Any CPU = Release|Any CPU
	EndGlobalSection
	GlobalSection(ProjectConfigurationPlatforms) = postSolution
		{CAEA384A-0717-44EC-BA23-58C865DF7E85}.Debug|Any CPU.ActiveCfg = Debug|Any CPU
		{CAEA384A-0717-44EC-BA23-58C865DF7E85}.Debug|Any CPU.Build.0 = Debug|Any CPU
		{CAEA384A-0717-44EC-BA23-58C865DF7E85}.Release|Any CPU.ActiveCfg = Release|Any CPU
		{CAEA384A-0717-44EC-BA23-58C865DF7E85}.Release|Any CPU.Build.0 = Release|Any CPU
	EndGlobalSection
	GlobalSection(SolutionProperties) = preSolution
		HideSolutionNode = FALSE
	EndGlobalSection
	GlobalSection(ExtensibilityGlobals) = postSolution
		SolutionGuid = {50BD0378-EF09-490E-8863-0A3604EE4F49}
	EndGlobalSection
EndGlobal
