
Microsoft Visual Studio Solution File, Format Version 12.00
# Visual Studio Version 16
VisualStudioVersion = 16.0.31019.35
MinimumVisualStudioVersion = 10.0.40219.1
Project("{FAE04EC0-301F-11D3-BF4B-00C04F79EFBC}") = "DERS2", "DERS2\DERS2.csproj", "{7934BDFB-9211-4E8F-AF99-C4670511BCA4}"
EndProject
Global
	GlobalSection(SolutionConfigurationPlatforms) = preSolution
		Debug|Any CPU = Debug|Any CPU
		Release|Any CPU = Release|Any CPU
	EndGlobalSection
	GlobalSection(ProjectConfigurationPlatforms) = postSolution
		{7934BDFB-9211-4E8F-AF99-C4670511BCA4}.Debug|Any CPU.ActiveCfg = Debug|Any CPU
		{7934BDFB-9211-4E8F-AF99-C4670511BCA4}.Debug|Any CPU.Build.0 = Debug|Any CPU
		{7934BDFB-9211-4E8F-AF99-C4670511BCA4}.Release|Any CPU.ActiveCfg = Release|Any CPU
		{7934BDFB-9211-4E8F-AF99-C4670511BCA4}.Release|Any CPU.Build.0 = Release|Any CPU
	EndGlobalSection
	GlobalSection(SolutionProperties) = preSolution
		HideSolutionNode = FALSE
	EndGlobalSection
	GlobalSection(ExtensibilityGlobals) = postSolution
		SolutionGuid = {01721FDC-5D73-4A9F-B734-5650C016D15B}
	EndGlobalSection
EndGlobal
