
Microsoft Visual Studio Solution File, Format Version 12.00
# Visual Studio Version 16
VisualStudioVersion = 16.0.31019.35
MinimumVisualStudioVersion = 10.0.40219.1
Project("{FAE04EC0-301F-11D3-BF4B-00C04F79EFBC}") = "DERS23", "DERS23\DERS23.csproj", "{E822D15A-5C43-406B-8A6F-ADCBBD445054}"
EndProject
Global
	GlobalSection(SolutionConfigurationPlatforms) = preSolution
		Debug|Any CPU = Debug|Any CPU
		Release|Any CPU = Release|Any CPU
	EndGlobalSection
	GlobalSection(ProjectConfigurationPlatforms) = postSolution
		{E822D15A-5C43-406B-8A6F-ADCBBD445054}.Debug|Any CPU.ActiveCfg = Debug|Any CPU
		{E822D15A-5C43-406B-8A6F-ADCBBD445054}.Debug|Any CPU.Build.0 = Debug|Any CPU
		{E822D15A-5C43-406B-8A6F-ADCBBD445054}.Release|Any CPU.ActiveCfg = Release|Any CPU
		{E822D15A-5C43-406B-8A6F-ADCBBD445054}.Release|Any CPU.Build.0 = Release|Any CPU
	EndGlobalSection
	GlobalSection(SolutionProperties) = preSolution
		HideSolutionNode = FALSE
	EndGlobalSection
	GlobalSection(ExtensibilityGlobals) = postSolution
		SolutionGuid = {7FF4A479-539E-4B2F-9C05-95855660781D}
	EndGlobalSection
EndGlobal
