
Microsoft Visual Studio Solution File, Format Version 12.00
# Visual Studio Version 16
VisualStudioVersion = 16.0.31019.35
MinimumVisualStudioVersion = 10.0.40219.1
Project("{FAE04EC0-301F-11D3-BF4B-00C04F79EFBC}") = "DERS25", "DERS25\DERS25.csproj", "{A60539C7-C866-41E4-81AE-C8E291946F63}"
EndProject
Global
	GlobalSection(SolutionConfigurationPlatforms) = preSolution
		Debug|Any CPU = Debug|Any CPU
		Release|Any CPU = Release|Any CPU
	EndGlobalSection
	GlobalSection(ProjectConfigurationPlatforms) = postSolution
		{A60539C7-C866-41E4-81AE-C8E291946F63}.Debug|Any CPU.ActiveCfg = Debug|Any CPU
		{A60539C7-C866-41E4-81AE-C8E291946F63}.Debug|Any CPU.Build.0 = Debug|Any CPU
		{A60539C7-C866-41E4-81AE-C8E291946F63}.Release|Any CPU.ActiveCfg = Release|Any CPU
		{A60539C7-C866-41E4-81AE-C8E291946F63}.Release|Any CPU.Build.0 = Release|Any CPU
	EndGlobalSection
	GlobalSection(SolutionProperties) = preSolution
		HideSolutionNode = FALSE
	EndGlobalSection
	GlobalSection(ExtensibilityGlobals) = postSolution
		SolutionGuid = {CC779DDE-161D-4174-BD03-13C756386E0C}
	EndGlobalSection
EndGlobal
