
Microsoft Visual Studio Solution File, Format Version 12.00
# Visual Studio Version 16
VisualStudioVersion = 16.0.31019.35
MinimumVisualStudioVersion = 10.0.40219.1
Project("{FAE04EC0-301F-11D3-BF4B-00C04F79EFBC}") = "DERS52", "DERS52\DERS52.csproj", "{259202B2-4392-4B28-AB92-56DA7E5DD688}"
EndProject
Global
	GlobalSection(SolutionConfigurationPlatforms) = preSolution
		Debug|Any CPU = Debug|Any CPU
		Release|Any CPU = Release|Any CPU
	EndGlobalSection
	GlobalSection(ProjectConfigurationPlatforms) = postSolution
		{259202B2-4392-4B28-AB92-56DA7E5DD688}.Debug|Any CPU.ActiveCfg = Debug|Any CPU
		{259202B2-4392-4B28-AB92-56DA7E5DD688}.Debug|Any CPU.Build.0 = Debug|Any CPU
		{259202B2-4392-4B28-AB92-56DA7E5DD688}.Release|Any CPU.ActiveCfg = Release|Any CPU
		{259202B2-4392-4B28-AB92-56DA7E5DD688}.Release|Any CPU.Build.0 = Release|Any CPU
	EndGlobalSection
	GlobalSection(SolutionProperties) = preSolution
		HideSolutionNode = FALSE
	EndGlobalSection
	GlobalSection(ExtensibilityGlobals) = postSolution
		SolutionGuid = {927B1615-7AA5-4FE6-86AE-B079CDE9DF95}
	EndGlobalSection
EndGlobal
