
Microsoft Visual Studio Solution File, Format Version 12.00
# Visual Studio Version 16
VisualStudioVersion = 16.0.31019.35
MinimumVisualStudioVersion = 10.0.40219.1
Project("{FAE04EC0-301F-11D3-BF4B-00C04F79EFBC}") = "DERS29", "DERS29\DERS29.csproj", "{F9F82635-806E-4448-BF10-FA5F3611E5F1}"
EndProject
Global
	GlobalSection(SolutionConfigurationPlatforms) = preSolution
		Debug|Any CPU = Debug|Any CPU
		Release|Any CPU = Release|Any CPU
	EndGlobalSection
	GlobalSection(ProjectConfigurationPlatforms) = postSolution
		{F9F82635-806E-4448-BF10-FA5F3611E5F1}.Debug|Any CPU.ActiveCfg = Debug|Any CPU
		{F9F82635-806E-4448-BF10-FA5F3611E5F1}.Debug|Any CPU.Build.0 = Debug|Any CPU
		{F9F82635-806E-4448-BF10-FA5F3611E5F1}.Release|Any CPU.ActiveCfg = Release|Any CPU
		{F9F82635-806E-4448-BF10-FA5F3611E5F1}.Release|Any CPU.Build.0 = Release|Any CPU
	EndGlobalSection
	GlobalSection(SolutionProperties) = preSolution
		HideSolutionNode = FALSE
	EndGlobalSection
	GlobalSection(ExtensibilityGlobals) = postSolution
		SolutionGuid = {C8B2CCC0-4634-4F10-8BFD-9619DE59BC3E}
	EndGlobalSection
EndGlobal
