
Microsoft Visual Studio Solution File, Format Version 12.00
# Visual Studio Version 16
VisualStudioVersion = 16.0.31019.35
MinimumVisualStudioVersion = 10.0.40219.1
Project("{FAE04EC0-301F-11D3-BF4B-00C04F79EFBC}") = "DERS44", "DERS44\DERS44.csproj", "{73D99BF1-9F88-431D-8E37-258B46C9FA12}"
EndProject
Global
	GlobalSection(SolutionConfigurationPlatforms) = preSolution
		Debug|Any CPU = Debug|Any CPU
		Release|Any CPU = Release|Any CPU
	EndGlobalSection
	GlobalSection(ProjectConfigurationPlatforms) = postSolution
		{73D99BF1-9F88-431D-8E37-258B46C9FA12}.Debug|Any CPU.ActiveCfg = Debug|Any CPU
		{73D99BF1-9F88-431D-8E37-258B46C9FA12}.Debug|Any CPU.Build.0 = Debug|Any CPU
		{73D99BF1-9F88-431D-8E37-258B46C9FA12}.Release|Any CPU.ActiveCfg = Release|Any CPU
		{73D99BF1-9F88-431D-8E37-258B46C9FA12}.Release|Any CPU.Build.0 = Release|Any CPU
	EndGlobalSection
	GlobalSection(SolutionProperties) = preSolution
		HideSolutionNode = FALSE
	EndGlobalSection
	GlobalSection(ExtensibilityGlobals) = postSolution
		SolutionGuid = {666A0A30-9BC8-4C71-AB65-B28BE4382DBB}
	EndGlobalSection
EndGlobal
